PODS:
  - BasicToolComponents (0.4.7):
    - BasicToolComponents/Alert (= 0.4.7)
    - BasicToolComponents/BaseVC (= 0.4.7)
    - BasicToolComponents/Category (= 0.4.7)
    - BasicToolComponents/Loading (= 0.4.7)
    - BasicToolComponents/Macro (= 0.4.7)
    - BasicToolComponents/NSLogHelper (= 0.4.7)
    - BasicToolComponents/XHLaunchAd (= 0.4.7)
    - BasicToolComponents/YBImageBrowser (= 0.4.7)
    - BasicToolComponents/ZZJsonToModel (= 0.4.7)
    - SDWebImage
  - BasicToolComponents/Alert (0.4.7):
    - BasicToolComponents/Category
    - BasicToolComponents/Macro
    - Masonry
    - SDWebImage
  - BasicToolComponents/BaseVC (0.4.7):
    - BasicToolComponents/Alert
    - BasicToolComponents/Category
    - BasicToolComponents/Loading
    - BasicToolComponents/Macro
    - GKNavigationBar
    - LYEmptyView
    - Masonry
    - MBProgressHUD
    - MJRefresh
    - SDWebImage
  - BasicToolComponents/Category (0.4.7):
    - BasicToolComponents/Macro
    - SDWebImage
    - YYKit
  - BasicToolComponents/Loading (0.4.7):
    - BasicToolComponents/Category
    - MBProgressHUD
    - SDWebImage
    - YYKit
  - BasicToolComponents/Macro (0.4.7):
    - SDWebImage
  - BasicToolComponents/NSLogHelper (0.4.7):
    - SDWebImage
  - BasicToolComponents/XHLaunchAd (0.4.7):
    - SDWebImage
  - BasicToolComponents/YBImageBrowser (0.4.7):
    - SDWebImage
  - BasicToolComponents/ZZJsonToModel (0.4.7):
    - SDWebImage
  - GKNavigationBar (1.6.0):
    - GKNavigationBar/GestureHandle (= 1.6.0)
    - GKNavigationBar/NavigationBar (= 1.6.0)
  - GKNavigationBar/GestureHandle (1.6.0)
  - GKNavigationBar/NavigationBar (1.6.0)
  - LYEmptyView (1.3.1)
  - Masonry (1.1.0)
  - MBProgressHUD (1.2.0)
  - MJRefresh (3.7.2)
  - SDWebImage (5.12.1):
    - SDWebImage/Core (= 5.12.1)
  - SDWebImage/Core (5.12.1)
  - YYKit (1.0.9):
    - YYKit/no-arc (= 1.0.9)
  - YYKit/no-arc (1.0.9)

DEPENDENCIES:
  - BasicToolComponents (from `../`)
  - GKNavigationBar
  - YYKit

SPEC REPOS:
  trunk:
    - GKNavigationBar
    - LYEmptyView
    - Masonry
    - MBProgressHUD
    - MJRefresh
    - SDWebImage
    - YYKit

EXTERNAL SOURCES:
  BasicToolComponents:
    :path: "../"

SPEC CHECKSUMS:
  BasicToolComponents: 60cfa51e076f05981faa5beee1f181874f050896
  GKNavigationBar: 777b10cebaa1026d9aa392859c42e389895eb744
  LYEmptyView: b6d418cfa38b78df0cf243f9a9c25ccbdc399922
  Masonry: 678fab65091a9290e40e2832a55e7ab731aad201
  MBProgressHUD: 3ee5efcc380f6a79a7cc9b363dd669c5e1ae7406
  MJRefresh: 30997d30b347c8e9508a4db11e3a690da0c9b85a
  SDWebImage: 4dc3e42d9ec0c1028b960a33ac6b637bb432207b
  YYKit: 7cda43304a8dc3696c449041e2cb3107b4e236e7

PODFILE CHECKSUM: d604929857886f0b523ee318e24b389f056fc27d

COCOAPODS: 1.11.2
